
Microsoft Visual Studio Solution File, Format Version 12.00
# Visual Studio Version 16
VisualStudioVersion = 16.0.32228.343
MinimumVisualStudioVersion = 10.0.40219.1
Project("{FAE04EC0-301F-11D3-BF4B-00C04F79EFBC}") = "LibColecciones", "LibColecciones\LibColecciones.csproj", "{16A6D238-8A5B-429C-9C91-4128A67AD12A}"
EndProject
Project("{FAE04EC0-301F-11D3-BF4B-00C04F79EFBC}") = "uTestColecciones", "..\uTestColeccioness\uTestColecciones.csproj", "{BA10FDC8-A9A2-40F1-97A0-82BBFB100E3D}"
EndProject
Global
	GlobalSection(SolutionConfigurationPlatforms) = preSolution
		Debug|Any CPU = Debug|Any CPU
		Release|Any CPU = Release|Any CPU
	EndGlobalSection
	GlobalSection(ProjectConfigurationPlatforms) = postSolution
		{16A6D238-8A5B-429C-9C91-4128A67AD12A}.Debug|Any CPU.ActiveCfg = Debug|Any CPU
		{16A6D238-8A5B-429C-9C91-4128A67AD12A}.Debug|Any CPU.Build.0 = Debug|Any CPU
		{16A6D238-8A5B-429C-9C91-4128A67AD12A}.Release|Any CPU.ActiveCfg = Release|Any CPU
		{16A6D238-8A5B-429C-9C91-4128A67AD12A}.Release|Any CPU.Build.0 = Release|Any CPU
		{BA10FDC8-A9A2-40F1-97A0-82BBFB100E3D}.Debug|Any CPU.ActiveCfg = Debug|Any CPU
		{BA10FDC8-A9A2-40F1-97A0-82BBFB100E3D}.Debug|Any CPU.Build.0 = Debug|Any CPU
		{BA10FDC8-A9A2-40F1-97A0-82BBFB100E3D}.Release|Any CPU.ActiveCfg = Release|Any CPU
		{BA10FDC8-A9A2-40F1-97A0-82BBFB100E3D}.Release|Any CPU.Build.0 = Release|Any CPU
	EndGlobalSection
	GlobalSection(SolutionProperties) = preSolution
		HideSolutionNode = FALSE
	EndGlobalSection
	GlobalSection(ExtensibilityGlobals) = postSolution
		SolutionGuid = {4288A021-8C33-4136-B21B-54D7405454B1}
	EndGlobalSection
EndGlobal
